
Microsoft Visual Studio Solution File, Format Version 12.00
# Visual Studio Version 16
VisualStudioVersion = 16.0.32413.511
MinimumVisualStudioVersion = 10.0.40219.1
Project("{8BC9CEB8-8B4A-11D0-8D11-00A0C91BC942}") = "AffineEncryption", "AffineEncryption\AffineEncryption.vcxproj", "{565203F6-6912-4C73-9162-D8DB62520F6E}"
EndProject
Global
	GlobalSection(SolutionConfigurationPlatforms) = preSolution
		Debug|x64 = Debug|x64
		Debug|x86 = Debug|x86
		Release|x64 = Release|x64
		Release|x86 = Release|x86
	EndGlobalSection
	GlobalSection(ProjectConfigurationPlatforms) = postSolution
		{565203F6-6912-4C73-9162-D8DB62520F6E}.Debug|x64.ActiveCfg = Debug|x64
		{565203F6-6912-4C73-9162-D8DB62520F6E}.Debug|x64.Build.0 = Debug|x64
		{565203F6-6912-4C73-9162-D8DB62520F6E}.Debug|x86.ActiveCfg = Debug|Win32
		{565203F6-6912-4C73-9162-D8DB62520F6E}.Debug|x86.Build.0 = Debug|Win32
		{565203F6-6912-4C73-9162-D8DB62520F6E}.Release|x64.ActiveCfg = Release|x64
		{565203F6-6912-4C73-9162-D8DB62520F6E}.Release|x64.Build.0 = Release|x64
		{565203F6-6912-4C73-9162-D8DB62520F6E}.Release|x86.ActiveCfg = Release|Win32
		{565203F6-6912-4C73-9162-D8DB62520F6E}.Release|x86.Build.0 = Release|Win32
	EndGlobalSection
	GlobalSection(SolutionProperties) = preSolution
		HideSolutionNode = FALSE
	EndGlobalSection
	GlobalSection(ExtensibilityGlobals) = postSolution
		SolutionGuid = {04CED84E-775A-47BE-B911-5FD86AA8C939}
	EndGlobalSection
EndGlobal
